
Microsoft Visual Studio Solution File, Format Version 12.00
# Visual Studio 15
VisualStudioVersion = 15.0.28010.2046
MinimumVisualStudioVersion = 10.0.40219.1
Project("{FAE04EC0-301F-11D3-BF4B-00C04F79EFBC}") = "Exercicio2", "Exercicio2\Exercicio2.csproj", "{C4195BAE-236C-42F8-84F0-A0659145C771}"
EndProject
Global
	GlobalSection(SolutionConfigurationPlatforms) = preSolution
		Debug|Any CPU = Debug|Any CPU
		Release|Any CPU = Release|Any CPU
	EndGlobalSection
	GlobalSection(ProjectConfigurationPlatforms) = postSolution
		{C4195BAE-236C-42F8-84F0-A0659145C771}.Debug|Any CPU.ActiveCfg = Debug|Any CPU
		{C4195BAE-236C-42F8-84F0-A0659145C771}.Debug|Any CPU.Build.0 = Debug|Any CPU
		{C4195BAE-236C-42F8-84F0-A0659145C771}.Release|Any CPU.ActiveCfg = Release|Any CPU
		{C4195BAE-236C-42F8-84F0-A0659145C771}.Release|Any CPU.Build.0 = Release|Any CPU
	EndGlobalSection
	GlobalSection(SolutionProperties) = preSolution
		HideSolutionNode = FALSE
	EndGlobalSection
	GlobalSection(ExtensibilityGlobals) = postSolution
		SolutionGuid = {D8563D9A-53F3-457C-A646-47A07F06AF02}
	EndGlobalSection
EndGlobal
