
Microsoft Visual Studio Solution File, Format Version 12.00
# Visual Studio 15
VisualStudioVersion = 15.0.28010.2046
MinimumVisualStudioVersion = 10.0.40219.1
Project("{FAE04EC0-301F-11D3-BF4B-00C04F79EFBC}") = "aula06", "aula06\aula06.csproj", "{CF20C3DA-438A-44FE-9ACD-9E4A25EDB41B}"
EndProject
Global
	GlobalSection(SolutionConfigurationPlatforms) = preSolution
		Debug|Any CPU = Debug|Any CPU
		Release|Any CPU = Release|Any CPU
	EndGlobalSection
	GlobalSection(ProjectConfigurationPlatforms) = postSolution
		{CF20C3DA-438A-44FE-9ACD-9E4A25EDB41B}.Debug|Any CPU.ActiveCfg = Debug|Any CPU
		{CF20C3DA-438A-44FE-9ACD-9E4A25EDB41B}.Debug|Any CPU.Build.0 = Debug|Any CPU
		{CF20C3DA-438A-44FE-9ACD-9E4A25EDB41B}.Release|Any CPU.ActiveCfg = Release|Any CPU
		{CF20C3DA-438A-44FE-9ACD-9E4A25EDB41B}.Release|Any CPU.Build.0 = Release|Any CPU
	EndGlobalSection
	GlobalSection(SolutionProperties) = preSolution
		HideSolutionNode = FALSE
	EndGlobalSection
	GlobalSection(ExtensibilityGlobals) = postSolution
		SolutionGuid = {ECBC6236-A144-47A0-945B-F1451FCEABA6}
	EndGlobalSection
EndGlobal
